
Microsoft Visual Studio Solution File, Format Version 12.00
# Visual Studio Version 17
VisualStudioVersion = 17.3.32819.101
MinimumVisualStudioVersion = 10.0.40219.1
Project("{FAE04EC0-301F-11D3-BF4B-00C04F79EFBC}") = "pr11", "pr11\pr11.csproj", "{80133834-E1EF-4BEB-A8F9-B6E5C561CD67}"
EndProject
Global
	GlobalSection(SolutionConfigurationPlatforms) = preSolution
		Debug|Any CPU = Debug|Any CPU
		Release|Any CPU = Release|Any CPU
	EndGlobalSection
	GlobalSection(ProjectConfigurationPlatforms) = postSolution
		{80133834-E1EF-4BEB-A8F9-B6E5C561CD67}.Debug|Any CPU.ActiveCfg = Debug|Any CPU
		{80133834-E1EF-4BEB-A8F9-B6E5C561CD67}.Debug|Any CPU.Build.0 = Debug|Any CPU
		{80133834-E1EF-4BEB-A8F9-B6E5C561CD67}.Release|Any CPU.ActiveCfg = Release|Any CPU
		{80133834-E1EF-4BEB-A8F9-B6E5C561CD67}.Release|Any CPU.Build.0 = Release|Any CPU
	EndGlobalSection
	GlobalSection(SolutionProperties) = preSolution
		HideSolutionNode = FALSE
	EndGlobalSection
	GlobalSection(ExtensibilityGlobals) = postSolution
		SolutionGuid = {EFA04343-BFA5-4BD9-A03C-F39A42C131C2}
	EndGlobalSection
EndGlobal
