
Microsoft Visual Studio Solution File, Format Version 12.00
# Visual Studio Version 17
VisualStudioVersion = 17.3.32819.101
MinimumVisualStudioVersion = 10.0.40219.1
Project("{FAE04EC0-301F-11D3-BF4B-00C04F79EFBC}") = "pr12", "pr12\pr12.csproj", "{08764A38-F5A4-4F96-A306-1C767ABE2727}"
EndProject
Global
	GlobalSection(SolutionConfigurationPlatforms) = preSolution
		Debug|Any CPU = Debug|Any CPU
		Release|Any CPU = Release|Any CPU
	EndGlobalSection
	GlobalSection(ProjectConfigurationPlatforms) = postSolution
		{08764A38-F5A4-4F96-A306-1C767ABE2727}.Debug|Any CPU.ActiveCfg = Debug|Any CPU
		{08764A38-F5A4-4F96-A306-1C767ABE2727}.Debug|Any CPU.Build.0 = Debug|Any CPU
		{08764A38-F5A4-4F96-A306-1C767ABE2727}.Release|Any CPU.ActiveCfg = Release|Any CPU
		{08764A38-F5A4-4F96-A306-1C767ABE2727}.Release|Any CPU.Build.0 = Release|Any CPU
	EndGlobalSection
	GlobalSection(SolutionProperties) = preSolution
		HideSolutionNode = FALSE
	EndGlobalSection
	GlobalSection(ExtensibilityGlobals) = postSolution
		SolutionGuid = {CD9F8F31-788A-4914-9252-5C40A3E78C55}
	EndGlobalSection
EndGlobal
