
Microsoft Visual Studio Solution File, Format Version 12.00
# Visual Studio Version 17
VisualStudioVersion = 17.3.32819.101
MinimumVisualStudioVersion = 10.0.40219.1
Project("{FAE04EC0-301F-11D3-BF4B-00C04F79EFBC}") = "pr11_SP_Goroh", "pr11_SP_Goroh\pr11_SP_Goroh.csproj", "{B6832CFD-3105-4394-842D-387DDE16E21E}"
EndProject
Global
	GlobalSection(SolutionConfigurationPlatforms) = preSolution
		Debug|Any CPU = Debug|Any CPU
		Release|Any CPU = Release|Any CPU
	EndGlobalSection
	GlobalSection(ProjectConfigurationPlatforms) = postSolution
		{B6832CFD-3105-4394-842D-387DDE16E21E}.Debug|Any CPU.ActiveCfg = Debug|Any CPU
		{B6832CFD-3105-4394-842D-387DDE16E21E}.Debug|Any CPU.Build.0 = Debug|Any CPU
		{B6832CFD-3105-4394-842D-387DDE16E21E}.Release|Any CPU.ActiveCfg = Release|Any CPU
		{B6832CFD-3105-4394-842D-387DDE16E21E}.Release|Any CPU.Build.0 = Release|Any CPU
	EndGlobalSection
	GlobalSection(SolutionProperties) = preSolution
		HideSolutionNode = FALSE
	EndGlobalSection
	GlobalSection(ExtensibilityGlobals) = postSolution
		SolutionGuid = {7B5FC99D-EECC-4CF5-B4B2-B9891FBCC3A5}
	EndGlobalSection
EndGlobal
