
Microsoft Visual Studio Solution File, Format Version 12.00
# Visual Studio Version 17
VisualStudioVersion = 17.3.32819.101
MinimumVisualStudioVersion = 10.0.40219.1
Project("{FAE04EC0-301F-11D3-BF4B-00C04F79EFBC}") = "pr15", "pr15\pr15.csproj", "{C3CCED49-88D3-4BA3-8A09-4F895CBF32A8}"
EndProject
Global
	GlobalSection(SolutionConfigurationPlatforms) = preSolution
		Debug|Any CPU = Debug|Any CPU
		Release|Any CPU = Release|Any CPU
	EndGlobalSection
	GlobalSection(ProjectConfigurationPlatforms) = postSolution
		{C3CCED49-88D3-4BA3-8A09-4F895CBF32A8}.Debug|Any CPU.ActiveCfg = Debug|Any CPU
		{C3CCED49-88D3-4BA3-8A09-4F895CBF32A8}.Debug|Any CPU.Build.0 = Debug|Any CPU
		{C3CCED49-88D3-4BA3-8A09-4F895CBF32A8}.Release|Any CPU.ActiveCfg = Release|Any CPU
		{C3CCED49-88D3-4BA3-8A09-4F895CBF32A8}.Release|Any CPU.Build.0 = Release|Any CPU
	EndGlobalSection
	GlobalSection(SolutionProperties) = preSolution
		HideSolutionNode = FALSE
	EndGlobalSection
	GlobalSection(ExtensibilityGlobals) = postSolution
		SolutionGuid = {86C40685-BADE-4AC1-90EB-65EC9AE56C17}
	EndGlobalSection
EndGlobal
